
Microsoft Visual Studio Solution File, Format Version 12.00
# Visual Studio Version 16
VisualStudioVersion = 16.0.28621.142
MinimumVisualStudioVersion = 10.0.40219.1
Project("{9A19103F-16F7-4668-BE54-9A1E7A4F7556}") = "BetterOwner", "web\BetterOwner.csproj", "{23852925-B604-4D01-8AB7-2C7D6051E307}"
EndProject
Global
	GlobalSection(SolutionConfigurationPlatforms) = preSolution
		Debug|Any CPU = Debug|Any CPU
		Release|Any CPU = Release|Any CPU
	EndGlobalSection
	GlobalSection(ProjectConfigurationPlatforms) = postSolution
		{23852925-B604-4D01-8AB7-2C7D6051E307}.Debug|Any CPU.ActiveCfg = Debug|Any CPU
		{23852925-B604-4D01-8AB7-2C7D6051E307}.Debug|Any CPU.Build.0 = Debug|Any CPU
		{23852925-B604-4D01-8AB7-2C7D6051E307}.Release|Any CPU.ActiveCfg = Release|Any CPU
		{23852925-B604-4D01-8AB7-2C7D6051E307}.Release|Any CPU.Build.0 = Release|Any CPU
	EndGlobalSection
	GlobalSection(SolutionProperties) = preSolution
		HideSolutionNode = FALSE
	EndGlobalSection
	GlobalSection(ExtensibilityGlobals) = postSolution
		SolutionGuid = {7792490F-0093-43F1-AF02-6D33E300B040}
	EndGlobalSection
EndGlobal
